# THIS IS AN AUTOGENERATED FILE. DO NOT EDIT THIS FILE DIRECTLY.
# yarn lockfile v1


framer-motion@^12.0.6:
  version "12.0.6"
  resolved "https://registry.yarnpkg.com/framer-motion/-/framer-motion-12.0.6.tgz#4ec8b9225ead4d0d7d4ff00ade6e76a83e6d0c99"
  integrity sha512-LmrXbXF6Vv5WCNmb+O/zn891VPZrH7XbsZgRLBROw6kFiP+iTK49gxTv2Ur3F0Tbw6+sy9BVtSqnWfMUpH+6nA==
  dependencies:
    motion-dom "^12.0.0"
    motion-utils "^12.0.0"
    tslib "^2.4.0"

motion-dom@^12.0.0:
  version "12.0.0"
  resolved "https://registry.yarnpkg.com/motion-dom/-/motion-dom-12.0.0.tgz#7045c63642eecbcc04c40b4457ebb07b3c2b3d0c"
  integrity sha512-CvYd15OeIR6kHgMdonCc1ihsaUG4MYh/wrkz8gZ3hBX/uamyZCXN9S9qJoYF03GqfTt7thTV/dxnHYX4+55vDg==
  dependencies:
    motion-utils "^12.0.0"

motion-utils@^12.0.0:
  version "12.0.0"
  resolved "https://registry.yarnpkg.com/motion-utils/-/motion-utils-12.0.0.tgz#fabf79f4f1c818720a1b70f615e2a1768f396ac0"
  integrity sha512-MNFiBKbbqnmvOjkPyOKgHUp3Q6oiokLkI1bEwm5QA28cxMZrv0CbbBGDNmhF6DIXsi1pCQBSs0dX8xjeER1tmA==

tslib@^2.4.0:
  version "2.8.1"
  resolved "https://registry.yarnpkg.com/tslib/-/tslib-2.8.1.tgz#612efe4ed235d567e8aba5f2a5fab70280ade83f"
  integrity sha512-oJFu94HQb+KVduSUQL7wnpmqnfmLsOA/nAh6b6EH0wCEoK0/mPeXU6c3wKDV83MkOuHPRHtSXKKU99IBazS/2w==
